
Microsoft Visual Studio Solution File, Format Version 12.00
# Visual Studio 15
VisualStudioVersion = 15.0.27428.2015
MinimumVisualStudioVersion = 10.0.40219.1
Project("{FAE04EC0-301F-11D3-BF4B-00C04F79EFBC}") = "MyPacman", "PacmanG\MyPacman.csproj", "{B6E95F28-1DE6-4F68-A777-A8D99426A517}"
EndProject
Global
	GlobalSection(SolutionConfigurationPlatforms) = preSolution
		Debug|Any CPU = Debug|Any CPU
		Release|Any CPU = Release|Any CPU
	EndGlobalSection
	GlobalSection(ProjectConfigurationPlatforms) = postSolution
		{B6E95F28-1DE6-4F68-A777-A8D99426A517}.Debug|Any CPU.ActiveCfg = Debug|Any CPU
		{B6E95F28-1DE6-4F68-A777-A8D99426A517}.Debug|Any CPU.Build.0 = Debug|Any CPU
		{B6E95F28-1DE6-4F68-A777-A8D99426A517}.Release|Any CPU.ActiveCfg = Release|Any CPU
		{B6E95F28-1DE6-4F68-A777-A8D99426A517}.Release|Any CPU.Build.0 = Release|Any CPU
	EndGlobalSection
	GlobalSection(SolutionProperties) = preSolution
		HideSolutionNode = FALSE
	EndGlobalSection
	GlobalSection(ExtensibilityGlobals) = postSolution
		SolutionGuid = {021867AF-1439-434C-9A2B-E9EAC0CF833E}
	EndGlobalSection
EndGlobal
